<Solution>
  <Folder Name="/car/">
    <Project Path="services/car/CarUpdateAgent.Tests/CarUpdateAgent.Tests.csproj" Id="a460c418-4f76-4362-be9a-cd79c2f72197" />
    <Project Path="services/car/CarUpdateAgent/CarUpdateAgent.csproj" Id="edb258e9-075f-40e7-b00c-cab95d7c40a6" />
    <Project Path="services/car/Racecar.Tests/Racecar.Tests.csproj" Id="7a02da53-12c0-4820-ad46-e10d1625f172" />
    <Project Path="services/car/Racecar/Racecar.csproj" Id="31a63780-7243-4c01-b532-38d86e2b75d7" />
  </Folder>
  <Folder Name="/cloud/">
    <Project Path="ChannelProcessor/ChannelProcessor.csproj" Id="1f4febe1-95a9-43af-a629-0c156a8da388" />
    <Project Path="services/cloud/CarGateway/CarGateway.csproj" Id="9fe9d38b-1d5e-4ad6-b799-616c2b518d8a" />
    <Project Path="services/cloud/Cloud.Shared/Cloud.Shared.csproj" Id="c84ff7be-0ca2-4806-a9a7-7203cc86dbae" />
    <Project Path="services/cloud/Cloud.Tests/Cloud.Tests.csproj" Id="81b3bc3e-db2d-455d-9025-6439a34da51e" />
    <Project Path="services/cloud/WebApi/WebApi.csproj" Id="23144e18-c115-4b6c-8a5d-1745dee21679" />
  </Folder>
  <Folder Name="/onprem/">
    <Project Path="services/RaceManagementService.Tests/RaceManagementService.Tests.csproj" />
    <Project Path="services/RaceManagementService/RaceManagementService.csproj" />
  </Folder>
  <Folder Name="/shared/">
    <Project Path="services/Channels/Channels.csproj" />
    <Project Path="services/ChannelsTests/ChannelsTests.csproj" />
    <Project Path="services/Common/Common.csproj" />
  </Folder>
  <Folder Name="/Solution Items/">
    <File Path="Design.md" />
    <File Path="README.md" />
  </Folder>
</Solution>
